
Microsoft Visual Studio Solution File, Format Version 11.00
# Visual C# Express 2010
Project("{FAE04EC0-301F-11D3-BF4B-00C04F79EFBC}") = "Interface PID", "Interface PID\Interface PID.csproj", "{A20DA2A6-1C82-4387-AD2B-8702A8D4F1FB}"
EndProject
Global
	GlobalSection(SolutionConfigurationPlatforms) = preSolution
		Debug|x86 = Debug|x86
		Release|x86 = Release|x86
	EndGlobalSection
	GlobalSection(ProjectConfigurationPlatforms) = postSolution
		{A20DA2A6-1C82-4387-AD2B-8702A8D4F1FB}.Debug|x86.ActiveCfg = Debug|x86
		{A20DA2A6-1C82-4387-AD2B-8702A8D4F1FB}.Debug|x86.Build.0 = Debug|x86
		{A20DA2A6-1C82-4387-AD2B-8702A8D4F1FB}.Release|x86.ActiveCfg = Release|x86
		{A20DA2A6-1C82-4387-AD2B-8702A8D4F1FB}.Release|x86.Build.0 = Release|x86
	EndGlobalSection
	GlobalSection(SolutionProperties) = preSolution
		HideSolutionNode = FALSE
	EndGlobalSection
EndGlobal
